
Microsoft Visual Studio Solution File, Format Version 12.00
# Visual Studio Version 17
VisualStudioVersion = 17.7.34031.279
MinimumVisualStudioVersion = 10.0.40219.1
Project("{FAE04EC0-301F-11D3-BF4B-00C04F79EFBC}") = "drink", "drink\drink.csproj", "{CF38699C-4A7D-4CB5-98ED-94148A66F03F}"
EndProject
Global
	GlobalSection(SolutionConfigurationPlatforms) = preSolution
		Debug|Any CPU = Debug|Any CPU
		Release|Any CPU = Release|Any CPU
	EndGlobalSection
	GlobalSection(ProjectConfigurationPlatforms) = postSolution
		{CF38699C-4A7D-4CB5-98ED-94148A66F03F}.Debug|Any CPU.ActiveCfg = Debug|Any CPU
		{CF38699C-4A7D-4CB5-98ED-94148A66F03F}.Debug|Any CPU.Build.0 = Debug|Any CPU
		{CF38699C-4A7D-4CB5-98ED-94148A66F03F}.Release|Any CPU.ActiveCfg = Release|Any CPU
		{CF38699C-4A7D-4CB5-98ED-94148A66F03F}.Release|Any CPU.Build.0 = Release|Any CPU
	EndGlobalSection
	GlobalSection(SolutionProperties) = preSolution
		HideSolutionNode = FALSE
	EndGlobalSection
	GlobalSection(ExtensibilityGlobals) = postSolution
		SolutionGuid = {A5515C7D-EA84-436F-89BB-48B215654EA4}
	EndGlobalSection
EndGlobal
